
Microsoft Visual Studio Solution File, Format Version 12.00
# Visual Studio Version 17
VisualStudioVersion = 17.4.33103.184
MinimumVisualStudioVersion = 10.0.40219.1
Project("{FAE04EC0-301F-11D3-BF4B-00C04F79EFBC}") = "HPlusSportTDD.Core.Test", "HPlusSportTDD.Core.Test\HPlusSportTDD.Core.Test.csproj", "{BC442D6D-E272-4CC7-87CF-52A29BA16C7D}"
EndProject
Global
	GlobalSection(SolutionConfigurationPlatforms) = preSolution
		Debug|Any CPU = Debug|Any CPU
		Release|Any CPU = Release|Any CPU
	EndGlobalSection
	GlobalSection(ProjectConfigurationPlatforms) = postSolution
		{BC442D6D-E272-4CC7-87CF-52A29BA16C7D}.Debug|Any CPU.ActiveCfg = Debug|Any CPU
		{BC442D6D-E272-4CC7-87CF-52A29BA16C7D}.Debug|Any CPU.Build.0 = Debug|Any CPU
		{BC442D6D-E272-4CC7-87CF-52A29BA16C7D}.Release|Any CPU.ActiveCfg = Release|Any CPU
		{BC442D6D-E272-4CC7-87CF-52A29BA16C7D}.Release|Any CPU.Build.0 = Release|Any CPU
	EndGlobalSection
	GlobalSection(SolutionProperties) = preSolution
		HideSolutionNode = FALSE
	EndGlobalSection
	GlobalSection(ExtensibilityGlobals) = postSolution
		SolutionGuid = {2E5DE8F0-BFD6-42F4-AFDA-0037285EB25E}
	EndGlobalSection
EndGlobal
